// !$*UTF8*$!
{
	archiveVersion = 1;
	classes = {
	};
	objectVersion = 46;
	objects = {

/* Begin PBXBuildFile section */
		31560F9D1AF6D3C20087CE92 /* AppDelegate.swift in Sources */ = {isa = PBXBuildFile; fileRef = 31560F9C1AF6D3C20087CE92 /* AppDelegate.swift */; };
		31560F9F1AF6D3C20087CE92 /* ViewController.swift in Sources */ = {isa = PBXBuildFile; fileRef = 31560F9E1AF6D3C20087CE92 /* ViewController.swift */; };
		31560FA21AF6D3C20087CE92 /* Main.storyboard in Resources */ = {isa = PBXBuildFile; fileRef = 31560FA01AF6D3C20087CE92 /* Main.storyboard */; };
		31560FA41AF6D3C20087CE92 /* Images.xcassets in Resources */ = {isa = PBXBuildFile; fileRef = 31560FA31AF6D3C20087CE92 /* Images.xcassets */; };
		31560FA71AF6D3C20087CE92 /* LaunchScreen.xib in Resources */ = {isa = PBXBuildFile; fileRef = 31560FA51AF6D3C20087CE92 /* LaunchScreen.xib */; };
		31560FB31AF6D3C20087CE92 /* StormyTests.swift in Sources */ = {isa = PBXBuildFile; fileRef = 31560FB21AF6D3C20087CE92 /* StormyTests.swift */; };
		31560FBD1AF6E7420087CE92 /* Current.swift in Sources */ = {isa = PBXBuildFile; fileRef = 31560FBC1AF6E7420087CE92 /* Current.swift */; };
/* End PBXBuildFile section */

/* Begin PBXContainerItemProxy section */
		31560FAD1AF6D3C20087CE92 /* PBXContainerItemProxy */ = {
			isa = PBXContainerItemProxy;
			containerPortal = 31560F8F1AF6D3C20087CE92 /* Project object */;
			proxyType = 1;
			remoteGlobalIDString = 31560F961AF6D3C20087CE92;
			remoteInfo = Stormy;
		};
/* End PBXContainerItemProxy section */

/* Begin PBXFileReference section */
		31560F971AF6D3C20087CE92 /* Stormy.app */ = {isa = PBXFileReference; explicitFileType = wrapper.application; includeInIndex = 0; path = Stormy.app; sourceTree = BUILT_PRODUCTS_DIR; };
		31560F9B1AF6D3C20087CE92 /* Info.plist */ = {isa = PBXFileReference; lastKnownFileType = text.plist.xml; path = Info.plist; sourceTree = "<group>"; };
		31560F9C1AF6D3C20087CE92 /* AppDelegate.swift */ = {isa = PBXFileReference; lastKnownFileType = sourcecode.swift; path = AppDelegate.swift; sourceTree = "<group>"; };
		31560F9E1AF6D3C20087CE92 /* ViewController.swift */ = {isa = PBXFileReference; lastKnownFileType = sourcecode.swift; path = ViewController.swift; sourceTree = "<group>"; };
		31560FA11AF6D3C20087CE92 /* Base */ = {isa = PBXFileReference; lastKnownFileType = file.storyboard; name = Base; path = Base.lproj/Main.storyboard; sourceTree = "<group>"; };
		31560FA31AF6D3C20087CE92 /* Images.xcassets */ = {isa = PBXFileReference; lastKnownFileType = folder.assetcatalog; path = Images.xcassets; sourceTree = "<group>"; };
		31560FA61AF6D3C20087CE92 /* Base */ = {isa = PBXFileReference; lastKnownFileType = file.xib; name = Base; path = Base.lproj/LaunchScreen.xib; sourceTree = "<group>"; };
		31560FAC1AF6D3C20087CE92 /* StormyTests.xctest */ = {isa = PBXFileReference; explicitFileType = wrapper.cfbundle; includeInIndex = 0; path = StormyTests.xctest; sourceTree = BUILT_PRODUCTS_DIR; };
		31560FB11AF6D3C20087CE92 /* Info.plist */ = {isa = PBXFileReference; lastKnownFileType = text.plist.xml; path = Info.plist; sourceTree = "<group>"; };
		31560FB21AF6D3C20087CE92 /* StormyTests.swift */ = {isa = PBXFileReference; lastKnownFileType = sourcecode.swift; path = StormyTests.swift; sourceTree = "<group>"; };
		31560FBC1AF6E7420087CE92 /* Current.swift */ = {isa = PBXFileReference; fileEncoding = 4; lastKnownFileType = sourcecode.swift; path = Current.swift; sourceTree = "<group>"; };
/* End PBXFileReference section */

/* Begin PBXFrameworksBuildPhase section */
		31560F941AF6D3C20087CE92 /* Frameworks */ = {
			isa = PBXFrameworksBuildPhase;
			buildActionMask = 2147483647;
			files = (
			);
			runOnlyForDeploymentPostprocessing = 0;
		};
		31560FA91AF6D3C20087CE92 /* Frameworks */ = {
			isa = PBXFrameworksBuildPhase;
			buildActionMask = 2147483647;
			files = (
			);
			runOnlyForDeploymentPostprocessing = 0;
		};
/* End PBXFrameworksBuildPhase section */

/* Begin PBXGroup section */
		31560F8E1AF6D3C20087CE92 = {
			isa = PBXGroup;
			children = (
				31560F991AF6D3C20087CE92 /* Stormy */,
				31560FAF1AF6D3C20087CE92 /* StormyTests */,
				31560F981AF6D3C20087CE92 /* Products */,
			);
			sourceTree = "<group>";
		};
		31560F981AF6D3C20087CE92 /* Products */ = {
			isa = PBXGroup;
			children = (
				31560F971AF6D3C20087CE92 /* Stormy.app */,
				31560FAC1AF6D3C20087CE92 /* StormyTests.xctest */,
			);
			name = Products;
			sourceTree = "<group>";
		};
		31560F991AF6D3C20087CE92 /* Stormy */ = {
			isa = PBXGroup;
			children = (
				31560F9C1AF6D3C20087CE92 /* AppDelegate.swift */,
				31560F9E1AF6D3C20087CE92 /* ViewController.swift */,
				31560FA01AF6D3C20087CE92 /* Main.storyboard */,
				31560FA31AF6D3C20087CE92 /* Images.xcassets */,
				31560FA51AF6D3C20087CE92 /* LaunchScreen.xib */,
				31560F9A1AF6D3C20087CE92 /* Supporting Files */,
				31560FBC1AF6E7420087CE92 /* Current.swift */,
			);
			path = Stormy;
			sourceTree = "<group>";
		};
		31560F9A1AF6D3C20087CE92 /* Supporting Files */ = {
			isa = PBXGroup;
			children = (
				31560F9B1AF6D3C20087CE92 /* Info.plist */,
			);
			name = "Supporting Files";
			sourceTree = "<group>";
		};
		31560FAF1AF6D3C20087CE92 /* StormyTests */ = {
			isa = PBXGroup;
			children = (
				31560FB21AF6D3C20087CE92 /* StormyTests.swift */,
				31560FB01AF6D3C20087CE92 /* Supporting Files */,
			);
			path = StormyTests;
			sourceTree = "<group>";
		};
		31560FB01AF6D3C20087CE92 /* Supporting Files */ = {
			isa = PBXGroup;
			children = (
				31560FB11AF6D3C20087CE92 /* Info.plist */,
			);
			name = "Supporting Files";
			sourceTree = "<group>";
		};
/* End PBXGroup section */

/* Begin PBXNativeTarget section */
		31560F961AF6D3C20087CE92 /* Stormy */ = {
			isa = PBXNativeTarget;
			buildConfigurationList = 31560FB61AF6D3C20087CE92 /* Build configuration list for PBXNativeTarget "Stormy" */;
			buildPhases = (
				31560F931AF6D3C20087CE92 /* Sources */,
				31560F941AF6D3C20087CE92 /* Frameworks */,
				31560F951AF6D3C20087CE92 /* Resources */,
			);
			buildRules = (
			);
			dependencies = (
			);
			name = Stormy;
			productName = Stormy;
			productReference = 31560F971AF6D3C20087CE92 /* Stormy.app */;
			productType = "com.apple.product-type.application";
		};
		31560FAB1AF6D3C20087CE92 /* StormyTests */ = {
			isa = PBXNativeTarget;
			buildConfigurationList = 31560FB91AF6D3C20087CE92 /* Build configuration list for PBXNativeTarget "StormyTests" */;
			buildPhases = (
				31560FA81AF6D3C20087CE92 /* Sources */,
				31560FA91AF6D3C20087CE92 /* Frameworks */,
				31560FAA1AF6D3C20087CE92 /* Resources */,
			);
			buildRules = (
			);
			dependencies = (
				31560FAE1AF6D3C20087CE92 /* PBXTargetDependency */,
			);
			name = StormyTests;
			productName = StormyTests;
			productReference = 31560FAC1AF6D3C20087CE92 /* StormyTests.xctest */;
			productType = "com.apple.product-type.bundle.unit-test";
		};
/* End PBXNativeTarget section */

/* Begin PBXProject section */
		31560F8F1AF6D3C20087CE92 /* Project object */ = {
			isa = PBXProject;
			attributes = {
				LastUpgradeCheck = 0630;
				ORGANIZATIONNAME = "Jason nghe";
				TargetAttributes = {
					31560F961AF6D3C20087CE92 = {
						CreatedOnToolsVersion = 6.3.1;
					};
					31560FAB1AF6D3C20087CE92 = {
						CreatedOnToolsVersion = 6.3.1;
						TestTargetID = 31560F961AF6D3C20087CE92;
					};
				};
			};
			buildConfigurationList = 31560F921AF6D3C20087CE92 /* Build configuration list for PBXProject "Stormy" */;
			compatibilityVersion = "Xcode 3.2";
			developmentRegion = English;
			hasScannedForEncodings = 0;
			knownRegions = (
				en,
				Base,
			);
			mainGroup = 31560F8E1AF6D3C20087CE92;
			productRefGroup = 31560F981AF6D3C20087CE92 /* Products */;
			projectDirPath = "";
			projectRoot = "";
			targets = (
				31560F961AF6D3C20087CE92 /* Stormy */,
				31560FAB1AF6D3C20087CE92 /* StormyTests */,
			);
		};
/* End PBXProject section */

/* Begin PBXResourcesBuildPhase section */
		31560F951AF6D3C20087CE92 /* Resources */ = {
			isa = PBXResourcesBuildPhase;
			buildActionMask = 2147483647;
			files = (
				31560FA21AF6D3C20087CE92 /* Main.storyboard in Resources */,
				31560FA71AF6D3C20087CE92 /* LaunchScreen.xib in Resources */,
				31560FA41AF6D3C20087CE92 /* Images.xcassets in Resources */,
			);
			runOnlyForDeploymentPostprocessing = 0;
		};
		31560FAA1AF6D3C20087CE92 /* Resources */ = {
			isa = PBXResourcesBuildPhase;
			buildActionMask = 2147483647;
			files = (
			);
			runOnlyForDeploymentPostprocessing = 0;
		};
/* End PBXResourcesBuildPhase section */

/* Begin PBXSourcesBuildPhase section */
		31560F931AF6D3C20087CE92 /* Sources */ = {
			isa = PBXSourcesBuildPhase;
			buildActionMask = 2147483647;
			files = (
				31560FBD1AF6E7420087CE92 /* Current.swift in Sources */,
				31560F9F1AF6D3C20087CE92 /* ViewController.swift in Sources */,
				31560F9D1AF6D3C20087CE92 /* AppDelegate.swift in Sources */,
			);
			runOnlyForDeploymentPostprocessing = 0;
		};
		31560FA81AF6D3C20087CE92 /* Sources */ = {
			isa = PBXSourcesBuildPhase;
			buildActionMask = 2147483647;
			files = (
				31560FB31AF6D3C20087CE92 /* StormyTests.swift in Sources */,
			);
			runOnlyForDeploymentPostprocessing = 0;
		};
/* End PBXSourcesBuildPhase section */

/* Begin PBXTargetDependency section */
		31560FAE1AF6D3C20087CE92 /* PBXTargetDependency */ = {
			isa = PBXTargetDependency;
			target = 31560F961AF6D3C20087CE92 /* Stormy */;
			targetProxy = 31560FAD1AF6D3C20087CE92 /* PBXContainerItemProxy */;
		};
/* End PBXTargetDependency section */

/* Begin PBXVariantGroup section */
		31560FA01AF6D3C20087CE92 /* Main.storyboard */ = {
			isa = PBXVariantGroup;
			children = (
				31560FA11AF6D3C20087CE92 /* Base */,
			);
			name = Main.storyboard;
			sourceTree = "<group>";
		};
		31560FA51AF6D3C20087CE92 /* LaunchScreen.xib */ = {
			isa = PBXVariantGroup;
			children = (
				31560FA61AF6D3C20087CE92 /* Base */,
			);
			name = LaunchScreen.xib;
			sourceTree = "<group>";
		};
/* End PBXVariantGroup section */

/* Begin XCBuildConfiguration section */
		31560FB41AF6D3C20087CE92 /* Debug */ = {
			isa = XCBuildConfiguration;
			buildSettings = {
				ALWAYS_SEARCH_USER_PATHS = NO;
				CLANG_CXX_LANGUAGE_STANDARD = "gnu++0x";
				CLANG_CXX_LIBRARY = "libc++";
				CLANG_ENABLE_MODULES = YES;
				CLANG_ENABLE_OBJC_ARC = YES;
				CLANG_WARN_BOOL_CONVERSION = YES;
				CLANG_WARN_CONSTANT_CONVERSION = YES;
				CLANG_WARN_DIRECT_OBJC_ISA_USAGE = YES_ERROR;
				CLANG_WARN_EMPTY_BODY = YES;
				CLANG_WARN_ENUM_CONVERSION = YES;
				CLANG_WARN_INT_CONVERSION = YES;
				CLANG_WARN_OBJC_ROOT_CLASS = YES_ERROR;
				CLANG_WARN_UNREACHABLE_CODE = YES;
				CLANG_WARN__DUPLICATE_METHOD_MATCH = YES;
				"CODE_SIGN_IDENTITY[sdk=iphoneos*]" = "iPhone Developer";
				COPY_PHASE_STRIP = NO;
				DEBUG_INFORMATION_FORMAT = "dwarf-with-dsym";
				ENABLE_STRICT_OBJC_MSGSEND = YES;
				GCC_C_LANGUAGE_STANDARD = gnu99;
				GCC_DYNAMIC_NO_PIC = NO;
				GCC_NO_COMMON_BLOCKS = YES;
				GCC_OPTIMIZATION_LEVEL = 0;
				GCC_PREPROCESSOR_DEFINITIONS = (
					"DEBUG=1",
					"$(inherited)",
				);
				GCC_SYMBOLS_PRIVATE_EXTERN = NO;
				GCC_WARN_64_TO_32_BIT_CONVERSION = YES;
				GCC_WARN_ABOUT_RETURN_TYPE = YES_ERROR;
				GCC_WARN_UNDECLARED_SELECTOR = YES;
				GCC_WARN_UNINITIALIZED_AUTOS = YES_AGGRESSIVE;
				GCC_WARN_UNUSED_FUNCTION = YES;
				GCC_WARN_UNUSED_VARIABLE = YES;
				IPHONEOS_DEPLOYMENT_TARGET = 8.3;
				MTL_ENABLE_DEBUG_INFO = YES;
				ONLY_ACTIVE_ARCH = YES;
				SDKROOT = iphoneos;
				SWIFT_OPTIMIZATION_LEVEL = "-Onone";
			};
			name = Debug;
		};
		31560FB51AF6D3C20087CE92 /* Release */ = {
			isa = XCBuildConfiguration;
			buildSettings = {
				ALWAYS_SEARCH_USER_PATHS = NO;
				CLANG_CXX_LANGUAGE_STANDARD = "gnu++0x";
				CLANG_CXX_LIBRARY = "libc++";
				CLANG_ENABLE_MODULES = YES;
				CLANG_ENABLE_OBJC_ARC = YES;
				CLANG_WARN_BOOL_CONVERSION = YES;
				CLANG_WARN_CONSTANT_CONVERSION = YES;
				CLANG_WARN_DIRECT_OBJC_ISA_USAGE = YES_ERROR;
				CLANG_WARN_EMPTY_BODY = YES;
				CLANG_WARN_ENUM_CONVERSION = YES;
				CLANG_WARN_INT_CONVERSION = YES;
				CLANG_WARN_OBJC_ROOT_CLASS = YES_ERROR;
				CLANG_WARN_UNREACHABLE_CODE = YES;
				CLANG_WARN__DUPLICATE_METHOD_MATCH = YES;
				"CODE_SIGN_IDENTITY[sdk=iphoneos*]" = "iPhone Developer";
				COPY_PHASE_STRIP = NO;
				DEBUG_INFORMATION_FORMAT = "dwarf-with-dsym";
				ENABLE_NS_ASSERTIONS = NO;
				ENABLE_STRICT_OBJC_MSGSEND = YES;
				GCC_C_LANGUAGE_STANDARD = gnu99;
				GCC_NO_COMMON_BLOCKS = YES;
				GCC_WARN_64_TO_32_BIT_CONVERSION = YES;
				GCC_WARN_ABOUT_RETURN_TYPE = YES_ERROR;
				GCC_WARN_UNDECLARED_SELECTOR = YES;
				GCC_WARN_UNINITIALIZED_AUTOS = YES_AGGRESSIVE;
				GCC_WARN_UNUSED_FUNCTION = YES;
				GCC_WARN_UNUSED_VARIABLE = YES;
				IPHONEOS_DEPLOYMENT_TARGET = 8.3;
				MTL_ENABLE_DEBUG_INFO = NO;
				SDKROOT = iphoneos;
				VALIDATE_PRODUCT = YES;
			};
			name = Release;
		};
		31560FB71AF6D3C20087CE92 /* Debug */ = {
			isa = XCBuildConfiguration;
			buildSettings = {
				ASSETCATALOG_COMPILER_APPICON_NAME = AppIcon;
				INFOPLIST_FILE = Stormy/Info.plist;
				LD_RUNPATH_SEARCH_PATHS = "$(inherited) @executable_path/Frameworks";
				PRODUCT_NAME = "$(TARGET_NAME)";
			};
			name = Debug;
		};
		31560FB81AF6D3C20087CE92 /* Release */ = {
			isa = XCBuildConfiguration;
			buildSettings = {
				ASSETCATALOG_COMPILER_APPICON_NAME = AppIcon;
				INFOPLIST_FILE = Stormy/Info.plist;
				LD_RUNPATH_SEARCH_PATHS = "$(inherited) @executable_path/Frameworks";
				PRODUCT_NAME = "$(TARGET_NAME)";
			};
			name = Release;
		};
		31560FBA1AF6D3C20087CE92 /* Debug */ = {
			isa = XCBuildConfiguration;
			buildSettings = {
				BUNDLE_LOADER = "$(TEST_HOST)";
				FRAMEWORK_SEARCH_PATHS = (
					"$(SDKROOT)/Developer/Library/Frameworks",
					"$(inherited)",
				);
				GCC_PREPROCESSOR_DEFINITIONS = (
					"DEBUG=1",
					"$(inherited)",
				);
				INFOPLIST_FILE = StormyTests/Info.plist;
				LD_RUNPATH_SEARCH_PATHS = "$(inherited) @executable_path/Frameworks @loader_path/Frameworks";
				PRODUCT_NAME = "$(TARGET_NAME)";
				TEST_HOST = "$(BUILT_PRODUCTS_DIR)/Stormy.app/Stormy";
			};
			name = Debug;
		};
		31560FBB1AF6D3C20087CE92 /* Release */ = {
			isa = XCBuildConfiguration;
			buildSettings = {
				BUNDLE_LOADER = "$(TEST_HOST)";
				FRAMEWORK_SEARCH_PATHS = (
					"$(SDKROOT)/Developer/Library/Frameworks",
					"$(inherited)",
				);
				INFOPLIST_FILE = StormyTests/Info.plist;
				LD_RUNPATH_SEARCH_PATHS = "$(inherited) @executable_path/Frameworks @loader_path/Frameworks";
				PRODUCT_NAME = "$(TARGET_NAME)";
				TEST_HOST = "$(BUILT_PRODUCTS_DIR)/Stormy.app/Stormy";
			};
			name = Release;
		};
/* End XCBuildConfiguration section */

/* Begin XCConfigurationList section */
		31560F921AF6D3C20087CE92 /* Build configuration list for PBXProject "Stormy" */ = {
			isa = XCConfigurationList;
			buildConfigurations = (
				31560FB41AF6D3C20087CE92 /* Debug */,
				31560FB51AF6D3C20087CE92 /* Release */,
			);
			defaultConfigurationIsVisible = 0;
			defaultConfigurationName = Release;
		};
		31560FB61AF6D3C20087CE92 /* Build configuration list for PBXNativeTarget "Stormy" */ = {
			isa = XCConfigurationList;
			buildConfigurations = (
				31560FB71AF6D3C20087CE92 /* Debug */,
				31560FB81AF6D3C20087CE92 /* Release */,
			);
			defaultConfigurationIsVisible = 0;
		};
		31560FB91AF6D3C20087CE92 /* Build configuration list for PBXNativeTarget "StormyTests" */ = {
			isa = XCConfigurationList;
			buildConfigurations = (
				31560FBA1AF6D3C20087CE92 /* Debug */,
				31560FBB1AF6D3C20087CE92 /* Release */,
			);
			defaultConfigurationIsVisible = 0;
		};
/* End XCConfigurationList section */
	};
	rootObject = 31560F8F1AF6D3C20087CE92 /* Project object */;
}
